
Microsoft Visual Studio Solution File, Format Version 12.00
# Visual Studio Version 17
VisualStudioVersion = 17.2.32526.322
MinimumVisualStudioVersion = 10.0.40219.1
Project("{FAE04EC0-301F-11D3-BF4B-00C04F79EFBC}") = "exempl 4", "exempl 4\exempl 4.csproj", "{D324BA11-2EDE-43D3-BF32-1C6B4EB32F06}"
EndProject
Global
	GlobalSection(SolutionConfigurationPlatforms) = preSolution
		Debug|Any CPU = Debug|Any CPU
		Release|Any CPU = Release|Any CPU
	EndGlobalSection
	GlobalSection(ProjectConfigurationPlatforms) = postSolution
		{D324BA11-2EDE-43D3-BF32-1C6B4EB32F06}.Debug|Any CPU.ActiveCfg = Debug|Any CPU
		{D324BA11-2EDE-43D3-BF32-1C6B4EB32F06}.Debug|Any CPU.Build.0 = Debug|Any CPU
		{D324BA11-2EDE-43D3-BF32-1C6B4EB32F06}.Release|Any CPU.ActiveCfg = Release|Any CPU
		{D324BA11-2EDE-43D3-BF32-1C6B4EB32F06}.Release|Any CPU.Build.0 = Release|Any CPU
	EndGlobalSection
	GlobalSection(SolutionProperties) = preSolution
		HideSolutionNode = FALSE
	EndGlobalSection
	GlobalSection(ExtensibilityGlobals) = postSolution
		SolutionGuid = {B58DC57A-CE58-4D8F-BB44-2FACBA5EBED1}
	EndGlobalSection
EndGlobal
